
Microsoft Visual Studio Solution File, Format Version 12.00
# Visual Studio Version 17
VisualStudioVersion = 17.7.34221.43
MinimumVisualStudioVersion = 10.0.40219.1
Project("{FAE04EC0-301F-11D3-BF4B-00C04F79EFBC}") = "ApiNetSqlServer", "ApiNetSqlServer\ApiNetSqlServer.csproj", "{60F3D365-9316-4B8C-979C-5C3DCC7AE89F}"
EndProject
Global
	GlobalSection(SolutionConfigurationPlatforms) = preSolution
		Debug|Any CPU = Debug|Any CPU
		Release|Any CPU = Release|Any CPU
	EndGlobalSection
	GlobalSection(ProjectConfigurationPlatforms) = postSolution
		{60F3D365-9316-4B8C-979C-5C3DCC7AE89F}.Debug|Any CPU.ActiveCfg = Debug|Any CPU
		{60F3D365-9316-4B8C-979C-5C3DCC7AE89F}.Debug|Any CPU.Build.0 = Debug|Any CPU
		{60F3D365-9316-4B8C-979C-5C3DCC7AE89F}.Release|Any CPU.ActiveCfg = Release|Any CPU
		{60F3D365-9316-4B8C-979C-5C3DCC7AE89F}.Release|Any CPU.Build.0 = Release|Any CPU
	EndGlobalSection
	GlobalSection(SolutionProperties) = preSolution
		HideSolutionNode = FALSE
	EndGlobalSection
	GlobalSection(ExtensibilityGlobals) = postSolution
		SolutionGuid = {F0ECEBE3-8E71-4786-9287-9E8EA202D8EC}
	EndGlobalSection
EndGlobal
